
Microsoft Visual Studio Solution File, Format Version 12.00
# Visual Studio 15
VisualStudioVersion = 15.0.26730.12
MinimumVisualStudioVersion = 10.0.40219.1
Project("{FAE04EC0-301F-11D3-BF4B-00C04F79EFBC}") = "TwaWalletWeb_AspNetCore", "TwaWalletWeb_AspNetCore\TwaWalletWeb_AspNetCore.csproj", "{5A4A4376-976D-467C-B3A5-DFB468BFA6ED}"
EndProject
Global
	GlobalSection(SolutionConfigurationPlatforms) = preSolution
		Debug|Any CPU = Debug|Any CPU
		Release|Any CPU = Release|Any CPU
	EndGlobalSection
	GlobalSection(ProjectConfigurationPlatforms) = postSolution
		{5A4A4376-976D-467C-B3A5-DFB468BFA6ED}.Debug|Any CPU.ActiveCfg = Debug|Any CPU
		{5A4A4376-976D-467C-B3A5-DFB468BFA6ED}.Debug|Any CPU.Build.0 = Debug|Any CPU
		{5A4A4376-976D-467C-B3A5-DFB468BFA6ED}.Release|Any CPU.ActiveCfg = Release|Any CPU
		{5A4A4376-976D-467C-B3A5-DFB468BFA6ED}.Release|Any CPU.Build.0 = Release|Any CPU
	EndGlobalSection
	GlobalSection(SolutionProperties) = preSolution
		HideSolutionNode = FALSE
	EndGlobalSection
	GlobalSection(ExtensibilityGlobals) = postSolution
		SolutionGuid = {375936CC-C967-4908-B4D2-B1CF708BC21D}
	EndGlobalSection
EndGlobal
